
Microsoft Visual Studio Solution File, Format Version 12.00
# Visual Studio Version 16
VisualStudioVersion = 16.0.29911.84
MinimumVisualStudioVersion = 10.0.40219.1
Project("{FAE04EC0-301F-11D3-BF4B-00C04F79EFBC}") = "Ejercicio XVI", "Ejercicio XVI\Ejercicio XVI.csproj", "{AD11E185-0446-4088-89B5-73E5890AFAD7}"
EndProject
Global
	GlobalSection(SolutionConfigurationPlatforms) = preSolution
		Debug|Any CPU = Debug|Any CPU
		Release|Any CPU = Release|Any CPU
	EndGlobalSection
	GlobalSection(ProjectConfigurationPlatforms) = postSolution
		{AD11E185-0446-4088-89B5-73E5890AFAD7}.Debug|Any CPU.ActiveCfg = Debug|Any CPU
		{AD11E185-0446-4088-89B5-73E5890AFAD7}.Debug|Any CPU.Build.0 = Debug|Any CPU
		{AD11E185-0446-4088-89B5-73E5890AFAD7}.Release|Any CPU.ActiveCfg = Release|Any CPU
		{AD11E185-0446-4088-89B5-73E5890AFAD7}.Release|Any CPU.Build.0 = Release|Any CPU
	EndGlobalSection
	GlobalSection(SolutionProperties) = preSolution
		HideSolutionNode = FALSE
	EndGlobalSection
	GlobalSection(ExtensibilityGlobals) = postSolution
		SolutionGuid = {7C502BD3-C58D-4009-AFBC-472455637D24}
	EndGlobalSection
EndGlobal
