
Microsoft Visual Studio Solution File, Format Version 12.00
# Visual Studio Version 16
VisualStudioVersion = 16.0.29911.84
MinimumVisualStudioVersion = 10.0.40219.1
Project("{FAE04EC0-301F-11D3-BF4B-00C04F79EFBC}") = "EjercicioIII", "EjercicioIII\EjercicioIII.csproj", "{46573FA1-00F7-4194-94C1-37769FA9485E}"
EndProject
Global
	GlobalSection(SolutionConfigurationPlatforms) = preSolution
		Debug|Any CPU = Debug|Any CPU
		Release|Any CPU = Release|Any CPU
	EndGlobalSection
	GlobalSection(ProjectConfigurationPlatforms) = postSolution
		{46573FA1-00F7-4194-94C1-37769FA9485E}.Debug|Any CPU.ActiveCfg = Debug|Any CPU
		{46573FA1-00F7-4194-94C1-37769FA9485E}.Debug|Any CPU.Build.0 = Debug|Any CPU
		{46573FA1-00F7-4194-94C1-37769FA9485E}.Release|Any CPU.ActiveCfg = Release|Any CPU
		{46573FA1-00F7-4194-94C1-37769FA9485E}.Release|Any CPU.Build.0 = Release|Any CPU
	EndGlobalSection
	GlobalSection(SolutionProperties) = preSolution
		HideSolutionNode = FALSE
	EndGlobalSection
	GlobalSection(ExtensibilityGlobals) = postSolution
		SolutionGuid = {A0FA2374-765E-4416-911E-59247D04C4AC}
	EndGlobalSection
EndGlobal
