
Microsoft Visual Studio Solution File, Format Version 12.00
# Visual Studio Version 16
VisualStudioVersion = 16.0.29911.84
MinimumVisualStudioVersion = 10.0.40219.1
Project("{FAE04EC0-301F-11D3-BF4B-00C04F79EFBC}") = "Ejercicio5", "Ejercicio5\Ejercicio5.csproj", "{82ACED5A-2B3D-43C6-B165-4DA9B9ACBD84}"
EndProject
Global
	GlobalSection(SolutionConfigurationPlatforms) = preSolution
		Debug|Any CPU = Debug|Any CPU
		Release|Any CPU = Release|Any CPU
	EndGlobalSection
	GlobalSection(ProjectConfigurationPlatforms) = postSolution
		{82ACED5A-2B3D-43C6-B165-4DA9B9ACBD84}.Debug|Any CPU.ActiveCfg = Debug|Any CPU
		{82ACED5A-2B3D-43C6-B165-4DA9B9ACBD84}.Debug|Any CPU.Build.0 = Debug|Any CPU
		{82ACED5A-2B3D-43C6-B165-4DA9B9ACBD84}.Release|Any CPU.ActiveCfg = Release|Any CPU
		{82ACED5A-2B3D-43C6-B165-4DA9B9ACBD84}.Release|Any CPU.Build.0 = Release|Any CPU
	EndGlobalSection
	GlobalSection(SolutionProperties) = preSolution
		HideSolutionNode = FALSE
	EndGlobalSection
	GlobalSection(ExtensibilityGlobals) = postSolution
		SolutionGuid = {592A6FFD-D980-4B37-87CF-035F8AF80928}
	EndGlobalSection
EndGlobal
