
Microsoft Visual Studio Solution File, Format Version 12.00
# Visual Studio Version 16
VisualStudioVersion = 16.0.30523.141
MinimumVisualStudioVersion = 10.0.40219.1
Project("{FAE04EC0-301F-11D3-BF4B-00C04F79EFBC}") = "EjAsistencia", "Presentismo\EjAsistencia.csproj", "{8159666E-28A3-445B-B262-0B0ED3B1E66B}"
EndProject
Project("{FAE04EC0-301F-11D3-BF4B-00C04F79EFBC}") = "Entidades", "Entidades\Entidades.csproj", "{37C1715F-591D-4E20-865C-482CE383664D}"
EndProject
Project("{FAE04EC0-301F-11D3-BF4B-00C04F79EFBC}") = "Excepciones", "Excepciones\Excepciones.csproj", "{C80FFDFF-573E-4D5C-88A1-055122E246C5}"
EndProject
Global
	GlobalSection(SolutionConfigurationPlatforms) = preSolution
		Debug|Any CPU = Debug|Any CPU
		Release|Any CPU = Release|Any CPU
	EndGlobalSection
	GlobalSection(ProjectConfigurationPlatforms) = postSolution
		{8159666E-28A3-445B-B262-0B0ED3B1E66B}.Debug|Any CPU.ActiveCfg = Debug|Any CPU
		{8159666E-28A3-445B-B262-0B0ED3B1E66B}.Debug|Any CPU.Build.0 = Debug|Any CPU
		{8159666E-28A3-445B-B262-0B0ED3B1E66B}.Release|Any CPU.ActiveCfg = Release|Any CPU
		{8159666E-28A3-445B-B262-0B0ED3B1E66B}.Release|Any CPU.Build.0 = Release|Any CPU
		{37C1715F-591D-4E20-865C-482CE383664D}.Debug|Any CPU.ActiveCfg = Debug|Any CPU
		{37C1715F-591D-4E20-865C-482CE383664D}.Debug|Any CPU.Build.0 = Debug|Any CPU
		{37C1715F-591D-4E20-865C-482CE383664D}.Release|Any CPU.ActiveCfg = Release|Any CPU
		{37C1715F-591D-4E20-865C-482CE383664D}.Release|Any CPU.Build.0 = Release|Any CPU
		{C80FFDFF-573E-4D5C-88A1-055122E246C5}.Debug|Any CPU.ActiveCfg = Debug|Any CPU
		{C80FFDFF-573E-4D5C-88A1-055122E246C5}.Debug|Any CPU.Build.0 = Debug|Any CPU
		{C80FFDFF-573E-4D5C-88A1-055122E246C5}.Release|Any CPU.ActiveCfg = Release|Any CPU
		{C80FFDFF-573E-4D5C-88A1-055122E246C5}.Release|Any CPU.Build.0 = Release|Any CPU
	EndGlobalSection
	GlobalSection(SolutionProperties) = preSolution
		HideSolutionNode = FALSE
	EndGlobalSection
	GlobalSection(ExtensibilityGlobals) = postSolution
		SolutionGuid = {2732533A-44E9-4A1C-9E82-2C29A41928B4}
	EndGlobalSection
EndGlobal
