
Microsoft Visual Studio Solution File, Format Version 12.00
# Visual Studio Version 16
VisualStudioVersion = 16.0.29911.84
MinimumVisualStudioVersion = 10.0.40219.1
Project("{FAE04EC0-301F-11D3-BF4B-00C04F79EFBC}") = "EjercicioXV", "EjercicioXV\EjercicioXV.csproj", "{AA2A83BF-9576-42B1-A836-AA6E95AFDAC8}"
EndProject
Global
	GlobalSection(SolutionConfigurationPlatforms) = preSolution
		Debug|Any CPU = Debug|Any CPU
		Release|Any CPU = Release|Any CPU
	EndGlobalSection
	GlobalSection(ProjectConfigurationPlatforms) = postSolution
		{AA2A83BF-9576-42B1-A836-AA6E95AFDAC8}.Debug|Any CPU.ActiveCfg = Debug|Any CPU
		{AA2A83BF-9576-42B1-A836-AA6E95AFDAC8}.Debug|Any CPU.Build.0 = Debug|Any CPU
		{AA2A83BF-9576-42B1-A836-AA6E95AFDAC8}.Release|Any CPU.ActiveCfg = Release|Any CPU
		{AA2A83BF-9576-42B1-A836-AA6E95AFDAC8}.Release|Any CPU.Build.0 = Release|Any CPU
	EndGlobalSection
	GlobalSection(SolutionProperties) = preSolution
		HideSolutionNode = FALSE
	EndGlobalSection
	GlobalSection(ExtensibilityGlobals) = postSolution
		SolutionGuid = {7B0B593C-EB39-4560-8CE2-017D3622F2E4}
	EndGlobalSection
EndGlobal
